
Microsoft Visual Studio Solution File, Format Version 12.00
# Visual Studio Version 16
VisualStudioVersion = 16.0.31424.327
MinimumVisualStudioVersion = 10.0.40219.1
Project("{FAE04EC0-301F-11D3-BF4B-00C04F79EFBC}") = "Thumbnail Generator", "Thumbnail Generator\Thumbnail Generator.csproj", "{2CBFED65-9406-4A14-8BF7-9A86C216D630}"
EndProject
Global
	GlobalSection(SolutionConfigurationPlatforms) = preSolution
		Debug|Any CPU = Debug|Any CPU
		Release|Any CPU = Release|Any CPU
	EndGlobalSection
	GlobalSection(ProjectConfigurationPlatforms) = postSolution
		{2CBFED65-9406-4A14-8BF7-9A86C216D630}.Debug|Any CPU.ActiveCfg = Debug|Any CPU
		{2CBFED65-9406-4A14-8BF7-9A86C216D630}.Debug|Any CPU.Build.0 = Debug|Any CPU
		{2CBFED65-9406-4A14-8BF7-9A86C216D630}.Release|Any CPU.ActiveCfg = Release|Any CPU
		{2CBFED65-9406-4A14-8BF7-9A86C216D630}.Release|Any CPU.Build.0 = Release|Any CPU
	EndGlobalSection
	GlobalSection(SolutionProperties) = preSolution
		HideSolutionNode = FALSE
	EndGlobalSection
	GlobalSection(ExtensibilityGlobals) = postSolution
		SolutionGuid = {397C00A1-C39B-45E0-B3EB-41F30696A1B6}
	EndGlobalSection
EndGlobal
