
Microsoft Visual Studio Solution File, Format Version 12.00
# Visual Studio Version 16
VisualStudioVersion = 16.0.31424.327
MinimumVisualStudioVersion = 10.0.40219.1
Project("{9A19103F-16F7-4668-BE54-9A1E7A4F7556}") = "GUI", "GUI\GUI.csproj", "{1C74BB75-7C2A-4A87-8113-CFB772DDF970}"
	ProjectSection(ProjectDependencies) = postProject
		{183FD757-E86E-4B35-A05E-6CA78FDB966C} = {183FD757-E86E-4B35-A05E-6CA78FDB966C}
	EndProjectSection
EndProject
Project("{9A19103F-16F7-4668-BE54-9A1E7A4F7556}") = "Library", "Library\Library.csproj", "{183FD757-E86E-4B35-A05E-6CA78FDB966C}"
EndProject
Project("{FAE04EC0-301F-11D3-BF4B-00C04F79EFBC}") = "Console", "Console\Console.csproj", "{70C73F15-8B9C-4A50-8844-E0CCD7B96C95}"
EndProject
Global
	GlobalSection(SolutionConfigurationPlatforms) = preSolution
		Debug|Any CPU = Debug|Any CPU
		Debug|ARM = Debug|ARM
		Debug|ARM64 = Debug|ARM64
		Debug|x64 = Debug|x64
		Debug|x86 = Debug|x86
		Release|Any CPU = Release|Any CPU
		Release|ARM = Release|ARM
		Release|ARM64 = Release|ARM64
		Release|x64 = Release|x64
		Release|x86 = Release|x86
	EndGlobalSection
	GlobalSection(ProjectConfigurationPlatforms) = postSolution
		{1C74BB75-7C2A-4A87-8113-CFB772DDF970}.Debug|Any CPU.ActiveCfg = Debug|Any CPU
		{1C74BB75-7C2A-4A87-8113-CFB772DDF970}.Debug|Any CPU.Build.0 = Debug|Any CPU
		{1C74BB75-7C2A-4A87-8113-CFB772DDF970}.Debug|ARM.ActiveCfg = Debug|Any CPU
		{1C74BB75-7C2A-4A87-8113-CFB772DDF970}.Debug|ARM.Build.0 = Debug|Any CPU
		{1C74BB75-7C2A-4A87-8113-CFB772DDF970}.Debug|ARM64.ActiveCfg = Debug|Any CPU
		{1C74BB75-7C2A-4A87-8113-CFB772DDF970}.Debug|ARM64.Build.0 = Debug|Any CPU
		{1C74BB75-7C2A-4A87-8113-CFB772DDF970}.Debug|x64.ActiveCfg = Debug|Any CPU
		{1C74BB75-7C2A-4A87-8113-CFB772DDF970}.Debug|x64.Build.0 = Debug|Any CPU
		{1C74BB75-7C2A-4A87-8113-CFB772DDF970}.Debug|x86.ActiveCfg = Debug|Any CPU
		{1C74BB75-7C2A-4A87-8113-CFB772DDF970}.Debug|x86.Build.0 = Debug|Any CPU
		{1C74BB75-7C2A-4A87-8113-CFB772DDF970}.Release|Any CPU.ActiveCfg = Release|Any CPU
		{1C74BB75-7C2A-4A87-8113-CFB772DDF970}.Release|Any CPU.Build.0 = Release|Any CPU
		{1C74BB75-7C2A-4A87-8113-CFB772DDF970}.Release|ARM.ActiveCfg = Release|Any CPU
		{1C74BB75-7C2A-4A87-8113-CFB772DDF970}.Release|ARM.Build.0 = Release|Any CPU
		{1C74BB75-7C2A-4A87-8113-CFB772DDF970}.Release|ARM64.ActiveCfg = Release|Any CPU
		{1C74BB75-7C2A-4A87-8113-CFB772DDF970}.Release|ARM64.Build.0 = Release|Any CPU
		{1C74BB75-7C2A-4A87-8113-CFB772DDF970}.Release|x64.ActiveCfg = Release|Any CPU
		{1C74BB75-7C2A-4A87-8113-CFB772DDF970}.Release|x64.Build.0 = Release|Any CPU
		{1C74BB75-7C2A-4A87-8113-CFB772DDF970}.Release|x86.ActiveCfg = Release|Any CPU
		{1C74BB75-7C2A-4A87-8113-CFB772DDF970}.Release|x86.Build.0 = Release|Any CPU
		{183FD757-E86E-4B35-A05E-6CA78FDB966C}.Debug|Any CPU.ActiveCfg = Debug|Any CPU
		{183FD757-E86E-4B35-A05E-6CA78FDB966C}.Debug|Any CPU.Build.0 = Debug|Any CPU
		{183FD757-E86E-4B35-A05E-6CA78FDB966C}.Debug|ARM.ActiveCfg = Debug|Any CPU
		{183FD757-E86E-4B35-A05E-6CA78FDB966C}.Debug|ARM.Build.0 = Debug|Any CPU
		{183FD757-E86E-4B35-A05E-6CA78FDB966C}.Debug|ARM64.ActiveCfg = Debug|Any CPU
		{183FD757-E86E-4B35-A05E-6CA78FDB966C}.Debug|ARM64.Build.0 = Debug|Any CPU
		{183FD757-E86E-4B35-A05E-6CA78FDB966C}.Debug|x64.ActiveCfg = Debug|Any CPU
		{183FD757-E86E-4B35-A05E-6CA78FDB966C}.Debug|x64.Build.0 = Debug|Any CPU
		{183FD757-E86E-4B35-A05E-6CA78FDB966C}.Debug|x86.ActiveCfg = Debug|Any CPU
		{183FD757-E86E-4B35-A05E-6CA78FDB966C}.Debug|x86.Build.0 = Debug|Any CPU
		{183FD757-E86E-4B35-A05E-6CA78FDB966C}.Release|Any CPU.ActiveCfg = Release|Any CPU
		{183FD757-E86E-4B35-A05E-6CA78FDB966C}.Release|Any CPU.Build.0 = Release|Any CPU
		{183FD757-E86E-4B35-A05E-6CA78FDB966C}.Release|ARM.ActiveCfg = Release|Any CPU
		{183FD757-E86E-4B35-A05E-6CA78FDB966C}.Release|ARM.Build.0 = Release|Any CPU
		{183FD757-E86E-4B35-A05E-6CA78FDB966C}.Release|ARM64.ActiveCfg = Release|Any CPU
		{183FD757-E86E-4B35-A05E-6CA78FDB966C}.Release|ARM64.Build.0 = Release|Any CPU
		{183FD757-E86E-4B35-A05E-6CA78FDB966C}.Release|x64.ActiveCfg = Release|Any CPU
		{183FD757-E86E-4B35-A05E-6CA78FDB966C}.Release|x64.Build.0 = Release|Any CPU
		{183FD757-E86E-4B35-A05E-6CA78FDB966C}.Release|x86.ActiveCfg = Release|Any CPU
		{183FD757-E86E-4B35-A05E-6CA78FDB966C}.Release|x86.Build.0 = Release|Any CPU
		{70C73F15-8B9C-4A50-8844-E0CCD7B96C95}.Debug|Any CPU.ActiveCfg = Debug|Any CPU
		{70C73F15-8B9C-4A50-8844-E0CCD7B96C95}.Debug|Any CPU.Build.0 = Debug|Any CPU
		{70C73F15-8B9C-4A50-8844-E0CCD7B96C95}.Debug|ARM.ActiveCfg = Debug|Any CPU
		{70C73F15-8B9C-4A50-8844-E0CCD7B96C95}.Debug|ARM.Build.0 = Debug|Any CPU
		{70C73F15-8B9C-4A50-8844-E0CCD7B96C95}.Debug|ARM64.ActiveCfg = Debug|Any CPU
		{70C73F15-8B9C-4A50-8844-E0CCD7B96C95}.Debug|ARM64.Build.0 = Debug|Any CPU
		{70C73F15-8B9C-4A50-8844-E0CCD7B96C95}.Debug|x64.ActiveCfg = Debug|Any CPU
		{70C73F15-8B9C-4A50-8844-E0CCD7B96C95}.Debug|x64.Build.0 = Debug|Any CPU
		{70C73F15-8B9C-4A50-8844-E0CCD7B96C95}.Debug|x86.ActiveCfg = Debug|Any CPU
		{70C73F15-8B9C-4A50-8844-E0CCD7B96C95}.Debug|x86.Build.0 = Debug|Any CPU
		{70C73F15-8B9C-4A50-8844-E0CCD7B96C95}.Release|Any CPU.ActiveCfg = Release|Any CPU
		{70C73F15-8B9C-4A50-8844-E0CCD7B96C95}.Release|Any CPU.Build.0 = Release|Any CPU
		{70C73F15-8B9C-4A50-8844-E0CCD7B96C95}.Release|ARM.ActiveCfg = Release|Any CPU
		{70C73F15-8B9C-4A50-8844-E0CCD7B96C95}.Release|ARM.Build.0 = Release|Any CPU
		{70C73F15-8B9C-4A50-8844-E0CCD7B96C95}.Release|ARM64.ActiveCfg = Release|Any CPU
		{70C73F15-8B9C-4A50-8844-E0CCD7B96C95}.Release|ARM64.Build.0 = Release|Any CPU
		{70C73F15-8B9C-4A50-8844-E0CCD7B96C95}.Release|x64.ActiveCfg = Release|Any CPU
		{70C73F15-8B9C-4A50-8844-E0CCD7B96C95}.Release|x64.Build.0 = Release|Any CPU
		{70C73F15-8B9C-4A50-8844-E0CCD7B96C95}.Release|x86.ActiveCfg = Release|Any CPU
		{70C73F15-8B9C-4A50-8844-E0CCD7B96C95}.Release|x86.Build.0 = Release|Any CPU
	EndGlobalSection
	GlobalSection(SolutionProperties) = preSolution
		HideSolutionNode = FALSE
	EndGlobalSection
	GlobalSection(ExtensibilityGlobals) = postSolution
		SolutionGuid = {397C00A1-C39B-45E0-B3EB-41F30696A1B6}
	EndGlobalSection
EndGlobal
